// !$*UTF8*$!
{
	archiveVersion = 1;
	classes = {
	};
	objectVersion = 48;
	objects = {

/* Begin PBXBuildFile section */
		08F06F971FBB544C0039EAFE /* LoginProtocols.swift in Sources */ = {isa = PBXBuildFile; fileRef = 08F06F961FBB544C0039EAFE /* LoginProtocols.swift */; };
		08F06F991FBB567A0039EAFE /* LoginPresenter.swift in Sources */ = {isa = PBXBuildFile; fileRef = 08F06F981FBB567A0039EAFE /* LoginPresenter.swift */; };
		482DA5D01FBE1C97006490F3 /* Oval 4 Copy 17.png in Resources */ = {isa = PBXBuildFile; fileRef = 48E3618A1FBE19C200B275A7 /* Oval 4 Copy 17.png */; };
		486D67271FBE1E22009F0BF5 /* Oval 4 Copy 17.png in Resources */ = {isa = PBXBuildFile; fileRef = 48E3618A1FBE19C200B275A7 /* Oval 4 Copy 17.png */; };
		486D67291FBE2393009F0BF5 /* Rectangle Copy 29.png in Resources */ = {isa = PBXBuildFile; fileRef = 486D67281FBE233C009F0BF5 /* Rectangle Copy 29.png */; };
		486D672A1FBE2394009F0BF5 /* Rectangle Copy 29.png in Resources */ = {isa = PBXBuildFile; fileRef = 486D67281FBE233C009F0BF5 /* Rectangle Copy 29.png */; };
		48C127151FBB680600A85D30 /* ChallengeViewController.swift in Sources */ = {isa = PBXBuildFile; fileRef = 48C127141FBB680600A85D30 /* ChallengeViewController.swift */; };
		48C127181FBB82CB00A85D30 /* Challenge.storyboard in Resources */ = {isa = PBXBuildFile; fileRef = 48C1271A1FBB82CB00A85D30 /* Challenge.storyboard */; };
		8A5D5CEB1FB0D22C00C24725 /* AppDelegate.swift in Sources */ = {isa = PBXBuildFile; fileRef = 8A5D5CEA1FB0D22C00C24725 /* AppDelegate.swift */; };
		8A5D5CED1FB0D22C00C24725 /* LoginViewController.swift in Sources */ = {isa = PBXBuildFile; fileRef = 8A5D5CEC1FB0D22C00C24725 /* LoginViewController.swift */; };
		8A5D5CF01FB0D22C00C24725 /* Main.storyboard in Resources */ = {isa = PBXBuildFile; fileRef = 8A5D5CEE1FB0D22C00C24725 /* Main.storyboard */; };
		8A5D5CF21FB0D22C00C24725 /* Assets.xcassets in Resources */ = {isa = PBXBuildFile; fileRef = 8A5D5CF11FB0D22C00C24725 /* Assets.xcassets */; };
		8A5D5CF51FB0D22C00C24725 /* LaunchScreen.storyboard in Resources */ = {isa = PBXBuildFile; fileRef = 8A5D5CF31FB0D22C00C24725 /* LaunchScreen.storyboard */; };
		8A5D5D001FB0D22C00C24725 /* TerceiroMini_FrontEndTests.swift in Sources */ = {isa = PBXBuildFile; fileRef = 8A5D5CFF1FB0D22C00C24725 /* TerceiroMini_FrontEndTests.swift */; };
/* End PBXBuildFile section */

/* Begin PBXContainerItemProxy section */
		8A5D5CFC1FB0D22C00C24725 /* PBXContainerItemProxy */ = {
			isa = PBXContainerItemProxy;
			containerPortal = 8A5D5CDF1FB0D22C00C24725 /* Project object */;
			proxyType = 1;
			remoteGlobalIDString = 8A5D5CE61FB0D22C00C24725;
			remoteInfo = "TerceiroMini-FrontEnd";
		};
/* End PBXContainerItemProxy section */

/* Begin PBXFileReference section */
		08F06F961FBB544C0039EAFE /* LoginProtocols.swift */ = {isa = PBXFileReference; lastKnownFileType = sourcecode.swift; path = LoginProtocols.swift; sourceTree = "<group>"; };
		08F06F981FBB567A0039EAFE /* LoginPresenter.swift */ = {isa = PBXFileReference; lastKnownFileType = sourcecode.swift; path = LoginPresenter.swift; sourceTree = "<group>"; };
		486D67281FBE233C009F0BF5 /* Rectangle Copy 29.png */ = {isa = PBXFileReference; lastKnownFileType = image.png; path = "Rectangle Copy 29.png"; sourceTree = "<group>"; };
		48C127141FBB680600A85D30 /* ChallengeViewController.swift */ = {isa = PBXFileReference; lastKnownFileType = sourcecode.swift; path = ChallengeViewController.swift; sourceTree = "<group>"; };
		48C127191FBB82CB00A85D30 /* Base */ = {isa = PBXFileReference; lastKnownFileType = file.storyboard; name = Base; path = Base.lproj/Challenge.storyboard; sourceTree = "<group>"; };
		48C1271C1FBB82CE00A85D30 /* en */ = {isa = PBXFileReference; lastKnownFileType = text.plist.strings; name = en; path = en.lproj/Challenge.strings; sourceTree = "<group>"; };
		48E3618A1FBE19C200B275A7 /* Oval 4 Copy 17.png */ = {isa = PBXFileReference; lastKnownFileType = image.png; path = "Oval 4 Copy 17.png"; sourceTree = "<group>"; };
		8A5D5CE71FB0D22C00C24725 /* TerceiroMini-FrontEnd.app */ = {isa = PBXFileReference; explicitFileType = wrapper.application; includeInIndex = 0; path = "TerceiroMini-FrontEnd.app"; sourceTree = BUILT_PRODUCTS_DIR; };
		8A5D5CEA1FB0D22C00C24725 /* AppDelegate.swift */ = {isa = PBXFileReference; lastKnownFileType = sourcecode.swift; path = AppDelegate.swift; sourceTree = "<group>"; };
		8A5D5CEC1FB0D22C00C24725 /* LoginViewController.swift */ = {isa = PBXFileReference; lastKnownFileType = sourcecode.swift; path = LoginViewController.swift; sourceTree = "<group>"; };
		8A5D5CEF1FB0D22C00C24725 /* Base */ = {isa = PBXFileReference; lastKnownFileType = file.storyboard; name = Base; path = Base.lproj/Main.storyboard; sourceTree = "<group>"; };
		8A5D5CF11FB0D22C00C24725 /* Assets.xcassets */ = {isa = PBXFileReference; lastKnownFileType = folder.assetcatalog; path = Assets.xcassets; sourceTree = "<group>"; };
		8A5D5CF41FB0D22C00C24725 /* Base */ = {isa = PBXFileReference; lastKnownFileType = file.storyboard; name = Base; path = Base.lproj/LaunchScreen.storyboard; sourceTree = "<group>"; };
		8A5D5CF61FB0D22C00C24725 /* Info.plist */ = {isa = PBXFileReference; lastKnownFileType = text.plist.xml; path = Info.plist; sourceTree = "<group>"; };
		8A5D5CFB1FB0D22C00C24725 /* TerceiroMini-FrontEndTests.xctest */ = {isa = PBXFileReference; explicitFileType = wrapper.cfbundle; includeInIndex = 0; path = "TerceiroMini-FrontEndTests.xctest"; sourceTree = BUILT_PRODUCTS_DIR; };
		8A5D5CFF1FB0D22C00C24725 /* TerceiroMini_FrontEndTests.swift */ = {isa = PBXFileReference; lastKnownFileType = sourcecode.swift; path = TerceiroMini_FrontEndTests.swift; sourceTree = "<group>"; };
		8A5D5D011FB0D22C00C24725 /* Info.plist */ = {isa = PBXFileReference; lastKnownFileType = text.plist.xml; path = Info.plist; sourceTree = "<group>"; };
/* End PBXFileReference section */

/* Begin PBXFrameworksBuildPhase section */
		8A5D5CE41FB0D22C00C24725 /* Frameworks */ = {
			isa = PBXFrameworksBuildPhase;
			buildActionMask = 2147483647;
			files = (
			);
			runOnlyForDeploymentPostprocessing = 0;
		};
		8A5D5CF81FB0D22C00C24725 /* Frameworks */ = {
			isa = PBXFrameworksBuildPhase;
			buildActionMask = 2147483647;
			files = (
			);
			runOnlyForDeploymentPostprocessing = 0;
		};
/* End PBXFrameworksBuildPhase section */

/* Begin PBXGroup section */
		08F06F9A1FBB58FA0039EAFE /* Login */ = {
			isa = PBXGroup;
			children = (
				8A5D5CEC1FB0D22C00C24725 /* LoginViewController.swift */,
				08F06F981FBB567A0039EAFE /* LoginPresenter.swift */,
				08F06F961FBB544C0039EAFE /* LoginProtocols.swift */,
			);
			path = Login;
			sourceTree = "<group>";
		};
		08F06F9B1FBB594A0039EAFE /* Storyboards */ = {
			isa = PBXGroup;
			children = (
				8A5D5CEE1FB0D22C00C24725 /* Main.storyboard */,
				8A5D5CF31FB0D22C00C24725 /* LaunchScreen.storyboard */,
				48C1271A1FBB82CB00A85D30 /* Challenge.storyboard */,
			);
			path = Storyboards;
			sourceTree = "<group>";
		};
		48C127131FBB650600A85D30 /* Challange */ = {
			isa = PBXGroup;
			children = (
				48C127141FBB680600A85D30 /* ChallengeViewController.swift */,
			);
			path = Challange;
			sourceTree = "<group>";
		};
		8A5D5CDE1FB0D22C00C24725 = {
			isa = PBXGroup;
			children = (
				8A5D5CE91FB0D22C00C24725 /* TerceiroMini-FrontEnd */,
				8A5D5CFE1FB0D22C00C24725 /* TerceiroMini-FrontEndTests */,
				8A5D5CE81FB0D22C00C24725 /* Products */,
			);
			sourceTree = "<group>";
		};
		8A5D5CE81FB0D22C00C24725 /* Products */ = {
			isa = PBXGroup;
			children = (
				8A5D5CE71FB0D22C00C24725 /* TerceiroMini-FrontEnd.app */,
				8A5D5CFB1FB0D22C00C24725 /* TerceiroMini-FrontEndTests.xctest */,
			);
			name = Products;
			sourceTree = "<group>";
		};
		8A5D5CE91FB0D22C00C24725 /* TerceiroMini-FrontEnd */ = {
			isa = PBXGroup;
			children = (
				8A5D5CEA1FB0D22C00C24725 /* AppDelegate.swift */,
				08F06F9B1FBB594A0039EAFE /* Storyboards */,
				08F06F9A1FBB58FA0039EAFE /* Login */,
				48C127131FBB650600A85D30 /* Challange */,
				8A5D5CF11FB0D22C00C24725 /* Assets.xcassets */,
				48E3618A1FBE19C200B275A7 /* Oval 4 Copy 17.png */,
				486D67281FBE233C009F0BF5 /* Rectangle Copy 29.png */,
				8A5D5CF61FB0D22C00C24725 /* Info.plist */,
			);
			path = "TerceiroMini-FrontEnd";
			sourceTree = "<group>";
		};
		8A5D5CFE1FB0D22C00C24725 /* TerceiroMini-FrontEndTests */ = {
			isa = PBXGroup;
			children = (
				8A5D5CFF1FB0D22C00C24725 /* TerceiroMini_FrontEndTests.swift */,
				8A5D5D011FB0D22C00C24725 /* Info.plist */,
			);
			path = "TerceiroMini-FrontEndTests";
			sourceTree = "<group>";
		};
/* End PBXGroup section */

/* Begin PBXNativeTarget section */
		8A5D5CE61FB0D22C00C24725 /* TerceiroMini-FrontEnd */ = {
			isa = PBXNativeTarget;
			buildConfigurationList = 8A5D5D041FB0D22C00C24725 /* Build configuration list for PBXNativeTarget "TerceiroMini-FrontEnd" */;
			buildPhases = (
				8A5D5CE31FB0D22C00C24725 /* Sources */,
				8A5D5CE41FB0D22C00C24725 /* Frameworks */,
				8A5D5CE51FB0D22C00C24725 /* Resources */,
			);
			buildRules = (
			);
			dependencies = (
			);
			name = "TerceiroMini-FrontEnd";
			productName = "TerceiroMini-FrontEnd";
			productReference = 8A5D5CE71FB0D22C00C24725 /* TerceiroMini-FrontEnd.app */;
			productType = "com.apple.product-type.application";
		};
		8A5D5CFA1FB0D22C00C24725 /* TerceiroMini-FrontEndTests */ = {
			isa = PBXNativeTarget;
			buildConfigurationList = 8A5D5D071FB0D22C00C24725 /* Build configuration list for PBXNativeTarget "TerceiroMini-FrontEndTests" */;
			buildPhases = (
				8A5D5CF71FB0D22C00C24725 /* Sources */,
				8A5D5CF81FB0D22C00C24725 /* Frameworks */,
				8A5D5CF91FB0D22C00C24725 /* Resources */,
			);
			buildRules = (
			);
			dependencies = (
				8A5D5CFD1FB0D22C00C24725 /* PBXTargetDependency */,
			);
			name = "TerceiroMini-FrontEndTests";
			productName = "TerceiroMini-FrontEndTests";
			productReference = 8A5D5CFB1FB0D22C00C24725 /* TerceiroMini-FrontEndTests.xctest */;
			productType = "com.apple.product-type.bundle.unit-test";
		};
/* End PBXNativeTarget section */

/* Begin PBXProject section */
		8A5D5CDF1FB0D22C00C24725 /* Project object */ = {
			isa = PBXProject;
			attributes = {
				LastSwiftUpdateCheck = 0900;
				LastUpgradeCheck = 0900;
				ORGANIZATIONNAME = BEPID;
				TargetAttributes = {
					8A5D5CE61FB0D22C00C24725 = {
						CreatedOnToolsVersion = 9.0;
						ProvisioningStyle = Automatic;
					};
					8A5D5CFA1FB0D22C00C24725 = {
						CreatedOnToolsVersion = 9.0;
						ProvisioningStyle = Automatic;
						TestTargetID = 8A5D5CE61FB0D22C00C24725;
					};
				};
			};
			buildConfigurationList = 8A5D5CE21FB0D22C00C24725 /* Build configuration list for PBXProject "TerceiroMini-FrontEnd" */;
			compatibilityVersion = "Xcode 8.0";
			developmentRegion = en;
			hasScannedForEncodings = 0;
			knownRegions = (
				en,
				Base,
			);
			mainGroup = 8A5D5CDE1FB0D22C00C24725;
			productRefGroup = 8A5D5CE81FB0D22C00C24725 /* Products */;
			projectDirPath = "";
			projectRoot = "";
			targets = (
				8A5D5CE61FB0D22C00C24725 /* TerceiroMini-FrontEnd */,
				8A5D5CFA1FB0D22C00C24725 /* TerceiroMini-FrontEndTests */,
			);
		};
/* End PBXProject section */

/* Begin PBXResourcesBuildPhase section */
		8A5D5CE51FB0D22C00C24725 /* Resources */ = {
			isa = PBXResourcesBuildPhase;
			buildActionMask = 2147483647;
			files = (
				8A5D5CF51FB0D22C00C24725 /* LaunchScreen.storyboard in Resources */,
				486D67291FBE2393009F0BF5 /* Rectangle Copy 29.png in Resources */,
				48C127181FBB82CB00A85D30 /* Challenge.storyboard in Resources */,
				8A5D5CF21FB0D22C00C24725 /* Assets.xcassets in Resources */,
				482DA5D01FBE1C97006490F3 /* Oval 4 Copy 17.png in Resources */,
				8A5D5CF01FB0D22C00C24725 /* Main.storyboard in Resources */,
			);
			runOnlyForDeploymentPostprocessing = 0;
		};
		8A5D5CF91FB0D22C00C24725 /* Resources */ = {
			isa = PBXResourcesBuildPhase;
			buildActionMask = 2147483647;
			files = (
				486D67271FBE1E22009F0BF5 /* Oval 4 Copy 17.png in Resources */,
				486D672A1FBE2394009F0BF5 /* Rectangle Copy 29.png in Resources */,
			);
			runOnlyForDeploymentPostprocessing = 0;
		};
/* End PBXResourcesBuildPhase section */

/* Begin PBXSourcesBuildPhase section */
		8A5D5CE31FB0D22C00C24725 /* Sources */ = {
			isa = PBXSourcesBuildPhase;
			buildActionMask = 2147483647;
			files = (
				08F06F991FBB567A0039EAFE /* LoginPresenter.swift in Sources */,
				48C127151FBB680600A85D30 /* ChallengeViewController.swift in Sources */,
				08F06F971FBB544C0039EAFE /* LoginProtocols.swift in Sources */,
				8A5D5CED1FB0D22C00C24725 /* LoginViewController.swift in Sources */,
				8A5D5CEB1FB0D22C00C24725 /* AppDelegate.swift in Sources */,
			);
			runOnlyForDeploymentPostprocessing = 0;
		};
		8A5D5CF71FB0D22C00C24725 /* Sources */ = {
			isa = PBXSourcesBuildPhase;
			buildActionMask = 2147483647;
			files = (
				8A5D5D001FB0D22C00C24725 /* TerceiroMini_FrontEndTests.swift in Sources */,
			);
			runOnlyForDeploymentPostprocessing = 0;
		};
/* End PBXSourcesBuildPhase section */

/* Begin PBXTargetDependency section */
		8A5D5CFD1FB0D22C00C24725 /* PBXTargetDependency */ = {
			isa = PBXTargetDependency;
			target = 8A5D5CE61FB0D22C00C24725 /* TerceiroMini-FrontEnd */;
			targetProxy = 8A5D5CFC1FB0D22C00C24725 /* PBXContainerItemProxy */;
		};
/* End PBXTargetDependency section */

/* Begin PBXVariantGroup section */
		48C1271A1FBB82CB00A85D30 /* Challenge.storyboard */ = {
			isa = PBXVariantGroup;
			children = (
				48C127191FBB82CB00A85D30 /* Base */,
				48C1271C1FBB82CE00A85D30 /* en */,
			);
			name = Challenge.storyboard;
			sourceTree = "<group>";
		};
		8A5D5CEE1FB0D22C00C24725 /* Main.storyboard */ = {
			isa = PBXVariantGroup;
			children = (
				8A5D5CEF1FB0D22C00C24725 /* Base */,
			);
			name = Main.storyboard;
			sourceTree = "<group>";
		};
		8A5D5CF31FB0D22C00C24725 /* LaunchScreen.storyboard */ = {
			isa = PBXVariantGroup;
			children = (
				8A5D5CF41FB0D22C00C24725 /* Base */,
			);
			name = LaunchScreen.storyboard;
			sourceTree = "<group>";
		};
/* End PBXVariantGroup section */

/* Begin XCBuildConfiguration section */
		8A5D5D021FB0D22C00C24725 /* Debug */ = {
			isa = XCBuildConfiguration;
			buildSettings = {
				ALWAYS_SEARCH_USER_PATHS = NO;
				CLANG_ANALYZER_NONNULL = YES;
				CLANG_ANALYZER_NUMBER_OBJECT_CONVERSION = YES_AGGRESSIVE;
				CLANG_CXX_LANGUAGE_STANDARD = "gnu++14";
				CLANG_CXX_LIBRARY = "libc++";
				CLANG_ENABLE_MODULES = YES;
				CLANG_ENABLE_OBJC_ARC = YES;
				CLANG_WARN_BLOCK_CAPTURE_AUTORELEASING = YES;
				CLANG_WARN_BOOL_CONVERSION = YES;
				CLANG_WARN_COMMA = YES;
				CLANG_WARN_CONSTANT_CONVERSION = YES;
				CLANG_WARN_DIRECT_OBJC_ISA_USAGE = YES_ERROR;
				CLANG_WARN_DOCUMENTATION_COMMENTS = YES;
				CLANG_WARN_EMPTY_BODY = YES;
				CLANG_WARN_ENUM_CONVERSION = YES;
				CLANG_WARN_INFINITE_RECURSION = YES;
				CLANG_WARN_INT_CONVERSION = YES;
				CLANG_WARN_NON_LITERAL_NULL_CONVERSION = YES;
				CLANG_WARN_OBJC_LITERAL_CONVERSION = YES;
				CLANG_WARN_OBJC_ROOT_CLASS = YES_ERROR;
				CLANG_WARN_RANGE_LOOP_ANALYSIS = YES;
				CLANG_WARN_STRICT_PROTOTYPES = YES;
				CLANG_WARN_SUSPICIOUS_MOVE = YES;
				CLANG_WARN_UNGUARDED_AVAILABILITY = YES_AGGRESSIVE;
				CLANG_WARN_UNREACHABLE_CODE = YES;
				CLANG_WARN__DUPLICATE_METHOD_MATCH = YES;
				CODE_SIGN_IDENTITY = "iPhone Developer";
				COPY_PHASE_STRIP = NO;
				DEBUG_INFORMATION_FORMAT = dwarf;
				ENABLE_STRICT_OBJC_MSGSEND = YES;
				ENABLE_TESTABILITY = YES;
				GCC_C_LANGUAGE_STANDARD = gnu11;
				GCC_DYNAMIC_NO_PIC = NO;
				GCC_NO_COMMON_BLOCKS = YES;
				GCC_OPTIMIZATION_LEVEL = 0;
				GCC_PREPROCESSOR_DEFINITIONS = (
					"DEBUG=1",
					"$(inherited)",
				);
				GCC_WARN_64_TO_32_BIT_CONVERSION = YES;
				GCC_WARN_ABOUT_RETURN_TYPE = YES_ERROR;
				GCC_WARN_UNDECLARED_SELECTOR = YES;
				GCC_WARN_UNINITIALIZED_AUTOS = YES_AGGRESSIVE;
				GCC_WARN_UNUSED_FUNCTION = YES;
				GCC_WARN_UNUSED_VARIABLE = YES;
				IPHONEOS_DEPLOYMENT_TARGET = 11.0;
				MTL_ENABLE_DEBUG_INFO = YES;
				ONLY_ACTIVE_ARCH = YES;
				SDKROOT = iphoneos;
				SWIFT_ACTIVE_COMPILATION_CONDITIONS = DEBUG;
				SWIFT_OPTIMIZATION_LEVEL = "-Onone";
			};
			name = Debug;
		};
		8A5D5D031FB0D22C00C24725 /* Release */ = {
			isa = XCBuildConfiguration;
			buildSettings = {
				ALWAYS_SEARCH_USER_PATHS = NO;
				CLANG_ANALYZER_NONNULL = YES;
				CLANG_ANALYZER_NUMBER_OBJECT_CONVERSION = YES_AGGRESSIVE;
				CLANG_CXX_LANGUAGE_STANDARD = "gnu++14";
				CLANG_CXX_LIBRARY = "libc++";
				CLANG_ENABLE_MODULES = YES;
				CLANG_ENABLE_OBJC_ARC = YES;
				CLANG_WARN_BLOCK_CAPTURE_AUTORELEASING = YES;
				CLANG_WARN_BOOL_CONVERSION = YES;
				CLANG_WARN_COMMA = YES;
				CLANG_WARN_CONSTANT_CONVERSION = YES;
				CLANG_WARN_DIRECT_OBJC_ISA_USAGE = YES_ERROR;
				CLANG_WARN_DOCUMENTATION_COMMENTS = YES;
				CLANG_WARN_EMPTY_BODY = YES;
				CLANG_WARN_ENUM_CONVERSION = YES;
				CLANG_WARN_INFINITE_RECURSION = YES;
				CLANG_WARN_INT_CONVERSION = YES;
				CLANG_WARN_NON_LITERAL_NULL_CONVERSION = YES;
				CLANG_WARN_OBJC_LITERAL_CONVERSION = YES;
				CLANG_WARN_OBJC_ROOT_CLASS = YES_ERROR;
				CLANG_WARN_RANGE_LOOP_ANALYSIS = YES;
				CLANG_WARN_STRICT_PROTOTYPES = YES;
				CLANG_WARN_SUSPICIOUS_MOVE = YES;
				CLANG_WARN_UNGUARDED_AVAILABILITY = YES_AGGRESSIVE;
				CLANG_WARN_UNREACHABLE_CODE = YES;
				CLANG_WARN__DUPLICATE_METHOD_MATCH = YES;
				CODE_SIGN_IDENTITY = "iPhone Developer";
				COPY_PHASE_STRIP = NO;
				DEBUG_INFORMATION_FORMAT = "dwarf-with-dsym";
				ENABLE_NS_ASSERTIONS = NO;
				ENABLE_STRICT_OBJC_MSGSEND = YES;
				GCC_C_LANGUAGE_STANDARD = gnu11;
				GCC_NO_COMMON_BLOCKS = YES;
				GCC_WARN_64_TO_32_BIT_CONVERSION = YES;
				GCC_WARN_ABOUT_RETURN_TYPE = YES_ERROR;
				GCC_WARN_UNDECLARED_SELECTOR = YES;
				GCC_WARN_UNINITIALIZED_AUTOS = YES_AGGRESSIVE;
				GCC_WARN_UNUSED_FUNCTION = YES;
				GCC_WARN_UNUSED_VARIABLE = YES;
				IPHONEOS_DEPLOYMENT_TARGET = 11.0;
				MTL_ENABLE_DEBUG_INFO = NO;
				SDKROOT = iphoneos;
				SWIFT_OPTIMIZATION_LEVEL = "-Owholemodule";
				VALIDATE_PRODUCT = YES;
			};
			name = Release;
		};
		8A5D5D051FB0D22C00C24725 /* Debug */ = {
			isa = XCBuildConfiguration;
			buildSettings = {
				ASSETCATALOG_COMPILER_APPICON_NAME = AppIcon;
				CODE_SIGN_STYLE = Automatic;
				DEVELOPMENT_TEAM = JC4QT73C9E;
				INFOPLIST_FILE = "TerceiroMini-FrontEnd/Info.plist";
				LD_RUNPATH_SEARCH_PATHS = "$(inherited) @executable_path/Frameworks";
				PRODUCT_BUNDLE_IDENTIFIER = "br.com.bepiducb.TerceiroMini-FrontEnd";
				PRODUCT_NAME = "$(TARGET_NAME)";
				SWIFT_VERSION = 4.0;
				TARGETED_DEVICE_FAMILY = "1,2";
			};
			name = Debug;
		};
		8A5D5D061FB0D22C00C24725 /* Release */ = {
			isa = XCBuildConfiguration;
			buildSettings = {
				ASSETCATALOG_COMPILER_APPICON_NAME = AppIcon;
				CODE_SIGN_STYLE = Automatic;
				DEVELOPMENT_TEAM = JC4QT73C9E;
				INFOPLIST_FILE = "TerceiroMini-FrontEnd/Info.plist";
				LD_RUNPATH_SEARCH_PATHS = "$(inherited) @executable_path/Frameworks";
				PRODUCT_BUNDLE_IDENTIFIER = "br.com.bepiducb.TerceiroMini-FrontEnd";
				PRODUCT_NAME = "$(TARGET_NAME)";
				SWIFT_VERSION = 4.0;
				TARGETED_DEVICE_FAMILY = "1,2";
			};
			name = Release;
		};
		8A5D5D081FB0D22C00C24725 /* Debug */ = {
			isa = XCBuildConfiguration;
			buildSettings = {
				ALWAYS_EMBED_SWIFT_STANDARD_LIBRARIES = YES;
				BUNDLE_LOADER = "$(TEST_HOST)";
				CODE_SIGN_STYLE = Automatic;
				DEVELOPMENT_TEAM = JC4QT73C9E;
				INFOPLIST_FILE = "TerceiroMini-FrontEndTests/Info.plist";
				LD_RUNPATH_SEARCH_PATHS = "$(inherited) @executable_path/Frameworks @loader_path/Frameworks";
				PRODUCT_BUNDLE_IDENTIFIER = "br.com.bepiducb.TerceiroMini-FrontEndTests";
				PRODUCT_NAME = "$(TARGET_NAME)";
				SWIFT_VERSION = 4.0;
				TARGETED_DEVICE_FAMILY = "1,2";
				TEST_HOST = "$(BUILT_PRODUCTS_DIR)/TerceiroMini-FrontEnd.app/TerceiroMini-FrontEnd";
			};
			name = Debug;
		};
		8A5D5D091FB0D22C00C24725 /* Release */ = {
			isa = XCBuildConfiguration;
			buildSettings = {
				ALWAYS_EMBED_SWIFT_STANDARD_LIBRARIES = YES;
				BUNDLE_LOADER = "$(TEST_HOST)";
				CODE_SIGN_STYLE = Automatic;
				DEVELOPMENT_TEAM = JC4QT73C9E;
				INFOPLIST_FILE = "TerceiroMini-FrontEndTests/Info.plist";
				LD_RUNPATH_SEARCH_PATHS = "$(inherited) @executable_path/Frameworks @loader_path/Frameworks";
				PRODUCT_BUNDLE_IDENTIFIER = "br.com.bepiducb.TerceiroMini-FrontEndTests";
				PRODUCT_NAME = "$(TARGET_NAME)";
				SWIFT_VERSION = 4.0;
				TARGETED_DEVICE_FAMILY = "1,2";
				TEST_HOST = "$(BUILT_PRODUCTS_DIR)/TerceiroMini-FrontEnd.app/TerceiroMini-FrontEnd";
			};
			name = Release;
		};
/* End XCBuildConfiguration section */

/* Begin XCConfigurationList section */
		8A5D5CE21FB0D22C00C24725 /* Build configuration list for PBXProject "TerceiroMini-FrontEnd" */ = {
			isa = XCConfigurationList;
			buildConfigurations = (
				8A5D5D021FB0D22C00C24725 /* Debug */,
				8A5D5D031FB0D22C00C24725 /* Release */,
			);
			defaultConfigurationIsVisible = 0;
			defaultConfigurationName = Release;
		};
		8A5D5D041FB0D22C00C24725 /* Build configuration list for PBXNativeTarget "TerceiroMini-FrontEnd" */ = {
			isa = XCConfigurationList;
			buildConfigurations = (
				8A5D5D051FB0D22C00C24725 /* Debug */,
				8A5D5D061FB0D22C00C24725 /* Release */,
			);
			defaultConfigurationIsVisible = 0;
			defaultConfigurationName = Release;
		};
		8A5D5D071FB0D22C00C24725 /* Build configuration list for PBXNativeTarget "TerceiroMini-FrontEndTests" */ = {
			isa = XCConfigurationList;
			buildConfigurations = (
				8A5D5D081FB0D22C00C24725 /* Debug */,
				8A5D5D091FB0D22C00C24725 /* Release */,
			);
			defaultConfigurationIsVisible = 0;
			defaultConfigurationName = Release;
		};
/* End XCConfigurationList section */
	};
	rootObject = 8A5D5CDF1FB0D22C00C24725 /* Project object */;
}
