PODS:
  - Alamofire (4.6.0)
  - Cloudinary (2.0.3):
    - Alamofire (~> 4.1)

DEPENDENCIES:
  - Alamofire (~> 4.5)
  - Cloudinary (~> 2.0)

SPEC CHECKSUMS:
  Alamofire: f41a599bd63041760b26d393ec1069d9d7b917f4
  Cloudinary: 341dbe68a4b0121b1018e3bd353cf94d68ded04f

PODFILE CHECKSUM: 84ffe54833ed47686d89e7f2423a1dd591d96ae5

COCOAPODS: 1.3.1
